
Microsoft Visual Studio Solution File, Format Version 12.00
# Visual Studio Version 16
VisualStudioVersion = 16.0.31005.135
MinimumVisualStudioVersion = 10.0.40219.1
Project("{FAE04EC0-301F-11D3-BF4B-00C04F79EFBC}") = "Buttons", "Buttons\Buttons.csproj", "{7F862542-069D-45D7-BF2E-29228C323F9B}"
EndProject
Global
	GlobalSection(SolutionConfigurationPlatforms) = preSolution
		Debug|Any CPU = Debug|Any CPU
		Release|Any CPU = Release|Any CPU
	EndGlobalSection
	GlobalSection(ProjectConfigurationPlatforms) = postSolution
		{7F862542-069D-45D7-BF2E-29228C323F9B}.Debug|Any CPU.ActiveCfg = Debug|Any CPU
		{7F862542-069D-45D7-BF2E-29228C323F9B}.Debug|Any CPU.Build.0 = Debug|Any CPU
		{7F862542-069D-45D7-BF2E-29228C323F9B}.Release|Any CPU.ActiveCfg = Release|Any CPU
		{7F862542-069D-45D7-BF2E-29228C323F9B}.Release|Any CPU.Build.0 = Release|Any CPU
	EndGlobalSection
	GlobalSection(SolutionProperties) = preSolution
		HideSolutionNode = FALSE
	EndGlobalSection
	GlobalSection(ExtensibilityGlobals) = postSolution
		SolutionGuid = {70D392E8-6167-4A82-9028-D06D453D0378}
	EndGlobalSection
EndGlobal
